
Microsoft Visual Studio Solution File, Format Version 12.00
# Visual Studio Version 17
VisualStudioVersion = 17.2.32516.85
MinimumVisualStudioVersion = 10.0.40219.1
Project("{9A19103F-16F7-4668-BE54-9A1E7A4F7556}") = "reactProj", "reactProj.csproj", "{6C24F463-9C45-4529-8908-A51546E8F51A}"
EndProject
Global
	GlobalSection(SolutionConfigurationPlatforms) = preSolution
		Debug|Any CPU = Debug|Any CPU
		Release|Any CPU = Release|Any CPU
	EndGlobalSection
	GlobalSection(ProjectConfigurationPlatforms) = postSolution
		{6C24F463-9C45-4529-8908-A51546E8F51A}.Debug|Any CPU.ActiveCfg = Debug|Any CPU
		{6C24F463-9C45-4529-8908-A51546E8F51A}.Debug|Any CPU.Build.0 = Debug|Any CPU
		{6C24F463-9C45-4529-8908-A51546E8F51A}.Release|Any CPU.ActiveCfg = Release|Any CPU
		{6C24F463-9C45-4529-8908-A51546E8F51A}.Release|Any CPU.Build.0 = Release|Any CPU
	EndGlobalSection
	GlobalSection(SolutionProperties) = preSolution
		HideSolutionNode = FALSE
	EndGlobalSection
	GlobalSection(ExtensibilityGlobals) = postSolution
		SolutionGuid = {2F15F4E6-6D13-4063-AB2F-C306149DA083}
	EndGlobalSection
EndGlobal
